
Microsoft Visual Studio Solution File, Format Version 12.00
# Visual Studio Version 17
VisualStudioVersion = 17.9.34728.123
MinimumVisualStudioVersion = 10.0.40219.1
Project("{9A19103F-16F7-4668-BE54-9A1E7A4F7556}") = "Task 1", "Task 1\Task 1.csproj", "{0AED355E-2280-4C98-8F7F-21DAACF717A8}"
EndProject
Project("{9A19103F-16F7-4668-BE54-9A1E7A4F7556}") = "Task 2", "Task 2\Task 2.csproj", "{13223C98-539E-435E-88BD-D24C38374E81}"
EndProject
Project("{9A19103F-16F7-4668-BE54-9A1E7A4F7556}") = "Task 3", "Task 3\Task 3.csproj", "{8DA1166C-6A2E-4810-AFED-E646A1D43190}"
EndProject
Project("{9A19103F-16F7-4668-BE54-9A1E7A4F7556}") = "Task 4", "Task 4\Task 4.csproj", "{BBEC62CD-92BA-414A-A6F9-A773BC431D4D}"
EndProject
Project("{9A19103F-16F7-4668-BE54-9A1E7A4F7556}") = "Task 5", "Task 5\Task 5.csproj", "{B1ACA968-AD02-4586-8C67-CE0EF53F191D}"
EndProject
Project("{9A19103F-16F7-4668-BE54-9A1E7A4F7556}") = "Task 8", "Task 8\Task 8.csproj", "{D51D00F7-A37D-4B95-8E89-A0E5E06DC405}"
EndProject
Project("{9A19103F-16F7-4668-BE54-9A1E7A4F7556}") = "Task 9", "Task 9\Task 9.csproj", "{2A09A8CC-6DF6-4682-97BC-8F6FE608EABA}"
EndProject
Project("{9A19103F-16F7-4668-BE54-9A1E7A4F7556}") = "Task 10", "Task 10\Task 10.csproj", "{6FA8183C-4D6E-4896-A303-03BA1D597414}"
EndProject
Project("{9A19103F-16F7-4668-BE54-9A1E7A4F7556}") = "Task 11", "Task 11\Task 11.csproj", "{AFA8E290-17BE-46BA-B9F6-F1478DAD58FA}"
EndProject
Project("{9A19103F-16F7-4668-BE54-9A1E7A4F7556}") = "Task 12", "Task 12\Task 12.csproj", "{6F9649A1-632C-42AA-8E30-780509E9B442}"
EndProject
Project("{9A19103F-16F7-4668-BE54-9A1E7A4F7556}") = "Task 13", "Task 13\Task 13.csproj", "{C2A46AE7-7724-40E8-939D-83087802A8FB}"
EndProject
Project("{9A19103F-16F7-4668-BE54-9A1E7A4F7556}") = "Task 14", "Task 14\Task 14.csproj", "{660C9271-B64B-414C-9B70-D5D44CEBD146}"
EndProject
Project("{9A19103F-16F7-4668-BE54-9A1E7A4F7556}") = "Task 15", "Task 15\Task 15.csproj", "{F0CD142A-EE44-473D-BCD6-534404DC366F}"
EndProject
Project("{9A19103F-16F7-4668-BE54-9A1E7A4F7556}") = "Task 16", "Task 16\Task 16.csproj", "{E29795A9-D8E6-4F35-A38C-67472AE0BA50}"
EndProject
Project("{9A19103F-16F7-4668-BE54-9A1E7A4F7556}") = "Task 17", "Task 17\Task 17.csproj", "{92ABEEF1-F613-4B06-AA44-3D2221CE04CA}"
EndProject
Project("{9A19103F-16F7-4668-BE54-9A1E7A4F7556}") = "Task 18", "Task 18\Task 18.csproj", "{DFE72B9A-1C6C-483A-8800-FDA90F02C2BB}"
EndProject
Project("{9A19103F-16F7-4668-BE54-9A1E7A4F7556}") = "Task 19", "Task 19\Task 19.csproj", "{5E46ABAC-B164-483E-BFEC-7AEE81D2269D}"
EndProject
Project("{9A19103F-16F7-4668-BE54-9A1E7A4F7556}") = "Task 20", "Task 20\Task 20.csproj", "{86705ABA-37D8-43F7-9D49-0C138710464B}"
EndProject
Project("{9A19103F-16F7-4668-BE54-9A1E7A4F7556}") = "Task 7", "Task 7\Task 7.csproj", "{0CDFF09E-DABA-409D-9512-F59BF0FC92A0}"
EndProject
Project("{9A19103F-16F7-4668-BE54-9A1E7A4F7556}") = "Task 6", "Task 6\Task 6.csproj", "{4692F360-117F-4C85-AA36-C552922DB4C6}"
EndProject
Global
	GlobalSection(SolutionConfigurationPlatforms) = preSolution
		Debug|Any CPU = Debug|Any CPU
		Release|Any CPU = Release|Any CPU
	EndGlobalSection
	GlobalSection(ProjectConfigurationPlatforms) = postSolution
		{0AED355E-2280-4C98-8F7F-21DAACF717A8}.Debug|Any CPU.ActiveCfg = Debug|Any CPU
		{0AED355E-2280-4C98-8F7F-21DAACF717A8}.Debug|Any CPU.Build.0 = Debug|Any CPU
		{0AED355E-2280-4C98-8F7F-21DAACF717A8}.Release|Any CPU.ActiveCfg = Release|Any CPU
		{0AED355E-2280-4C98-8F7F-21DAACF717A8}.Release|Any CPU.Build.0 = Release|Any CPU
		{13223C98-539E-435E-88BD-D24C38374E81}.Debug|Any CPU.ActiveCfg = Debug|Any CPU
		{13223C98-539E-435E-88BD-D24C38374E81}.Debug|Any CPU.Build.0 = Debug|Any CPU
		{13223C98-539E-435E-88BD-D24C38374E81}.Release|Any CPU.ActiveCfg = Release|Any CPU
		{13223C98-539E-435E-88BD-D24C38374E81}.Release|Any CPU.Build.0 = Release|Any CPU
		{8DA1166C-6A2E-4810-AFED-E646A1D43190}.Debug|Any CPU.ActiveCfg = Debug|Any CPU
		{8DA1166C-6A2E-4810-AFED-E646A1D43190}.Debug|Any CPU.Build.0 = Debug|Any CPU
		{8DA1166C-6A2E-4810-AFED-E646A1D43190}.Release|Any CPU.ActiveCfg = Release|Any CPU
		{8DA1166C-6A2E-4810-AFED-E646A1D43190}.Release|Any CPU.Build.0 = Release|Any CPU
		{BBEC62CD-92BA-414A-A6F9-A773BC431D4D}.Debug|Any CPU.ActiveCfg = Debug|Any CPU
		{BBEC62CD-92BA-414A-A6F9-A773BC431D4D}.Debug|Any CPU.Build.0 = Debug|Any CPU
		{BBEC62CD-92BA-414A-A6F9-A773BC431D4D}.Release|Any CPU.ActiveCfg = Release|Any CPU
		{BBEC62CD-92BA-414A-A6F9-A773BC431D4D}.Release|Any CPU.Build.0 = Release|Any CPU
		{B1ACA968-AD02-4586-8C67-CE0EF53F191D}.Debug|Any CPU.ActiveCfg = Debug|Any CPU
		{B1ACA968-AD02-4586-8C67-CE0EF53F191D}.Debug|Any CPU.Build.0 = Debug|Any CPU
		{B1ACA968-AD02-4586-8C67-CE0EF53F191D}.Release|Any CPU.ActiveCfg = Release|Any CPU
		{B1ACA968-AD02-4586-8C67-CE0EF53F191D}.Release|Any CPU.Build.0 = Release|Any CPU
		{D51D00F7-A37D-4B95-8E89-A0E5E06DC405}.Debug|Any CPU.ActiveCfg = Debug|Any CPU
		{D51D00F7-A37D-4B95-8E89-A0E5E06DC405}.Debug|Any CPU.Build.0 = Debug|Any CPU
		{D51D00F7-A37D-4B95-8E89-A0E5E06DC405}.Release|Any CPU.ActiveCfg = Release|Any CPU
		{D51D00F7-A37D-4B95-8E89-A0E5E06DC405}.Release|Any CPU.Build.0 = Release|Any CPU
		{2A09A8CC-6DF6-4682-97BC-8F6FE608EABA}.Debug|Any CPU.ActiveCfg = Debug|Any CPU
		{2A09A8CC-6DF6-4682-97BC-8F6FE608EABA}.Debug|Any CPU.Build.0 = Debug|Any CPU
		{2A09A8CC-6DF6-4682-97BC-8F6FE608EABA}.Release|Any CPU.ActiveCfg = Release|Any CPU
		{2A09A8CC-6DF6-4682-97BC-8F6FE608EABA}.Release|Any CPU.Build.0 = Release|Any CPU
		{6FA8183C-4D6E-4896-A303-03BA1D597414}.Debug|Any CPU.ActiveCfg = Debug|Any CPU
		{6FA8183C-4D6E-4896-A303-03BA1D597414}.Debug|Any CPU.Build.0 = Debug|Any CPU
		{6FA8183C-4D6E-4896-A303-03BA1D597414}.Release|Any CPU.ActiveCfg = Release|Any CPU
		{6FA8183C-4D6E-4896-A303-03BA1D597414}.Release|Any CPU.Build.0 = Release|Any CPU
		{AFA8E290-17BE-46BA-B9F6-F1478DAD58FA}.Debug|Any CPU.ActiveCfg = Debug|Any CPU
		{AFA8E290-17BE-46BA-B9F6-F1478DAD58FA}.Debug|Any CPU.Build.0 = Debug|Any CPU
		{AFA8E290-17BE-46BA-B9F6-F1478DAD58FA}.Release|Any CPU.ActiveCfg = Release|Any CPU
		{AFA8E290-17BE-46BA-B9F6-F1478DAD58FA}.Release|Any CPU.Build.0 = Release|Any CPU
		{6F9649A1-632C-42AA-8E30-780509E9B442}.Debug|Any CPU.ActiveCfg = Debug|Any CPU
		{6F9649A1-632C-42AA-8E30-780509E9B442}.Debug|Any CPU.Build.0 = Debug|Any CPU
		{6F9649A1-632C-42AA-8E30-780509E9B442}.Release|Any CPU.ActiveCfg = Release|Any CPU
		{6F9649A1-632C-42AA-8E30-780509E9B442}.Release|Any CPU.Build.0 = Release|Any CPU
		{C2A46AE7-7724-40E8-939D-83087802A8FB}.Debug|Any CPU.ActiveCfg = Debug|Any CPU
		{C2A46AE7-7724-40E8-939D-83087802A8FB}.Debug|Any CPU.Build.0 = Debug|Any CPU
		{C2A46AE7-7724-40E8-939D-83087802A8FB}.Release|Any CPU.ActiveCfg = Release|Any CPU
		{C2A46AE7-7724-40E8-939D-83087802A8FB}.Release|Any CPU.Build.0 = Release|Any CPU
		{660C9271-B64B-414C-9B70-D5D44CEBD146}.Debug|Any CPU.ActiveCfg = Debug|Any CPU
		{660C9271-B64B-414C-9B70-D5D44CEBD146}.Debug|Any CPU.Build.0 = Debug|Any CPU
		{660C9271-B64B-414C-9B70-D5D44CEBD146}.Release|Any CPU.ActiveCfg = Release|Any CPU
		{660C9271-B64B-414C-9B70-D5D44CEBD146}.Release|Any CPU.Build.0 = Release|Any CPU
		{F0CD142A-EE44-473D-BCD6-534404DC366F}.Debug|Any CPU.ActiveCfg = Debug|Any CPU
		{F0CD142A-EE44-473D-BCD6-534404DC366F}.Debug|Any CPU.Build.0 = Debug|Any CPU
		{F0CD142A-EE44-473D-BCD6-534404DC366F}.Release|Any CPU.ActiveCfg = Release|Any CPU
		{F0CD142A-EE44-473D-BCD6-534404DC366F}.Release|Any CPU.Build.0 = Release|Any CPU
		{E29795A9-D8E6-4F35-A38C-67472AE0BA50}.Debug|Any CPU.ActiveCfg = Debug|Any CPU
		{E29795A9-D8E6-4F35-A38C-67472AE0BA50}.Debug|Any CPU.Build.0 = Debug|Any CPU
		{E29795A9-D8E6-4F35-A38C-67472AE0BA50}.Release|Any CPU.ActiveCfg = Release|Any CPU
		{E29795A9-D8E6-4F35-A38C-67472AE0BA50}.Release|Any CPU.Build.0 = Release|Any CPU
		{92ABEEF1-F613-4B06-AA44-3D2221CE04CA}.Debug|Any CPU.ActiveCfg = Debug|Any CPU
		{92ABEEF1-F613-4B06-AA44-3D2221CE04CA}.Debug|Any CPU.Build.0 = Debug|Any CPU
		{92ABEEF1-F613-4B06-AA44-3D2221CE04CA}.Release|Any CPU.ActiveCfg = Release|Any CPU
		{92ABEEF1-F613-4B06-AA44-3D2221CE04CA}.Release|Any CPU.Build.0 = Release|Any CPU
		{DFE72B9A-1C6C-483A-8800-FDA90F02C2BB}.Debug|Any CPU.ActiveCfg = Debug|Any CPU
		{DFE72B9A-1C6C-483A-8800-FDA90F02C2BB}.Debug|Any CPU.Build.0 = Debug|Any CPU
		{DFE72B9A-1C6C-483A-8800-FDA90F02C2BB}.Release|Any CPU.ActiveCfg = Release|Any CPU
		{DFE72B9A-1C6C-483A-8800-FDA90F02C2BB}.Release|Any CPU.Build.0 = Release|Any CPU
		{5E46ABAC-B164-483E-BFEC-7AEE81D2269D}.Debug|Any CPU.ActiveCfg = Debug|Any CPU
		{5E46ABAC-B164-483E-BFEC-7AEE81D2269D}.Debug|Any CPU.Build.0 = Debug|Any CPU
		{5E46ABAC-B164-483E-BFEC-7AEE81D2269D}.Release|Any CPU.ActiveCfg = Release|Any CPU
		{5E46ABAC-B164-483E-BFEC-7AEE81D2269D}.Release|Any CPU.Build.0 = Release|Any CPU
		{86705ABA-37D8-43F7-9D49-0C138710464B}.Debug|Any CPU.ActiveCfg = Debug|Any CPU
		{86705ABA-37D8-43F7-9D49-0C138710464B}.Debug|Any CPU.Build.0 = Debug|Any CPU
		{86705ABA-37D8-43F7-9D49-0C138710464B}.Release|Any CPU.ActiveCfg = Release|Any CPU
		{86705ABA-37D8-43F7-9D49-0C138710464B}.Release|Any CPU.Build.0 = Release|Any CPU
		{0CDFF09E-DABA-409D-9512-F59BF0FC92A0}.Debug|Any CPU.ActiveCfg = Debug|Any CPU
		{0CDFF09E-DABA-409D-9512-F59BF0FC92A0}.Debug|Any CPU.Build.0 = Debug|Any CPU
		{0CDFF09E-DABA-409D-9512-F59BF0FC92A0}.Release|Any CPU.ActiveCfg = Release|Any CPU
		{0CDFF09E-DABA-409D-9512-F59BF0FC92A0}.Release|Any CPU.Build.0 = Release|Any CPU
		{4692F360-117F-4C85-AA36-C552922DB4C6}.Debug|Any CPU.ActiveCfg = Debug|Any CPU
		{4692F360-117F-4C85-AA36-C552922DB4C6}.Debug|Any CPU.Build.0 = Debug|Any CPU
		{4692F360-117F-4C85-AA36-C552922DB4C6}.Release|Any CPU.ActiveCfg = Release|Any CPU
		{4692F360-117F-4C85-AA36-C552922DB4C6}.Release|Any CPU.Build.0 = Release|Any CPU
	EndGlobalSection
	GlobalSection(SolutionProperties) = preSolution
		HideSolutionNode = FALSE
	EndGlobalSection
	GlobalSection(ExtensibilityGlobals) = postSolution
		SolutionGuid = {38DA18A6-F31E-4F0D-89C2-8EE92A3CEB2C}
	EndGlobalSection
EndGlobal
